
Microsoft Visual Studio Solution File, Format Version 12.00
# Visual Studio Version 17
VisualStudioVersion = 17.8.34316.72
MinimumVisualStudioVersion = 10.0.40219.1
Project("{FAE04EC0-301F-11D3-BF4B-00C04F79EFBC}") = "A3XAMLControl", "A3XAMLControl\A3XAMLControl.csproj", "{E3AFEA97-048B-4AC9-8970-70E304091BAB}"
EndProject
Global
	GlobalSection(SolutionConfigurationPlatforms) = preSolution
		Debug|Any CPU = Debug|Any CPU
		Release|Any CPU = Release|Any CPU
	EndGlobalSection
	GlobalSection(ProjectConfigurationPlatforms) = postSolution
		{E3AFEA97-048B-4AC9-8970-70E304091BAB}.Debug|Any CPU.ActiveCfg = Debug|Any CPU
		{E3AFEA97-048B-4AC9-8970-70E304091BAB}.Debug|Any CPU.Build.0 = Debug|Any CPU
		{E3AFEA97-048B-4AC9-8970-70E304091BAB}.Release|Any CPU.ActiveCfg = Release|Any CPU
		{E3AFEA97-048B-4AC9-8970-70E304091BAB}.Release|Any CPU.Build.0 = Release|Any CPU
	EndGlobalSection
	GlobalSection(SolutionProperties) = preSolution
		HideSolutionNode = FALSE
	EndGlobalSection
	GlobalSection(ExtensibilityGlobals) = postSolution
		SolutionGuid = {86A1CA48-8D8B-414E-B8A6-2D16FE21BCD2}
	EndGlobalSection
EndGlobal
